
Microsoft Visual Studio Solution File, Format Version 12.00
# Visual Studio Version 17
VisualStudioVersion = 17.9.34728.123
MinimumVisualStudioVersion = 10.0.40219.1
Project("{FAE04EC0-301F-11D3-BF4B-00C04F79EFBC}") = "batap22.5", "batap22.5.csproj", "{111EA751-8C65-486B-B44B-A31F29025AF6}"
EndProject
Global
	GlobalSection(SolutionConfigurationPlatforms) = preSolution
		Debug|Any CPU = Debug|Any CPU
		Release|Any CPU = Release|Any CPU
	EndGlobalSection
	GlobalSection(ProjectConfigurationPlatforms) = postSolution
		{111EA751-8C65-486B-B44B-A31F29025AF6}.Debug|Any CPU.ActiveCfg = Debug|Any CPU
		{111EA751-8C65-486B-B44B-A31F29025AF6}.Debug|Any CPU.Build.0 = Debug|Any CPU
		{111EA751-8C65-486B-B44B-A31F29025AF6}.Release|Any CPU.ActiveCfg = Release|Any CPU
		{111EA751-8C65-486B-B44B-A31F29025AF6}.Release|Any CPU.Build.0 = Release|Any CPU
	EndGlobalSection
	GlobalSection(SolutionProperties) = preSolution
		HideSolutionNode = FALSE
	EndGlobalSection
	GlobalSection(ExtensibilityGlobals) = postSolution
		SolutionGuid = {151A1760-2D35-4A8E-896E-4BBCF2A5BC9D}
	EndGlobalSection
EndGlobal
