
Microsoft Visual Studio Solution File, Format Version 12.00
# Visual Studio Version 17
VisualStudioVersion = 17.9.34728.123
MinimumVisualStudioVersion = 10.0.40219.1
Project("{FAE04EC0-301F-11D3-BF4B-00C04F79EFBC}") = "thamso", "thamso\thamso.csproj", "{FE5C3366-2784-4009-AFBD-A286FD7C474A}"
EndProject
Global
	GlobalSection(SolutionConfigurationPlatforms) = preSolution
		Debug|Any CPU = Debug|Any CPU
		Release|Any CPU = Release|Any CPU
	EndGlobalSection
	GlobalSection(ProjectConfigurationPlatforms) = postSolution
		{FE5C3366-2784-4009-AFBD-A286FD7C474A}.Debug|Any CPU.ActiveCfg = Debug|Any CPU
		{FE5C3366-2784-4009-AFBD-A286FD7C474A}.Debug|Any CPU.Build.0 = Debug|Any CPU
		{FE5C3366-2784-4009-AFBD-A286FD7C474A}.Release|Any CPU.ActiveCfg = Release|Any CPU
		{FE5C3366-2784-4009-AFBD-A286FD7C474A}.Release|Any CPU.Build.0 = Release|Any CPU
	EndGlobalSection
	GlobalSection(SolutionProperties) = preSolution
		HideSolutionNode = FALSE
	EndGlobalSection
	GlobalSection(ExtensibilityGlobals) = postSolution
		SolutionGuid = {F506AA22-DE80-4977-8813-7C848C119094}
	EndGlobalSection
EndGlobal
